
Microsoft Visual Studio Solution File, Format Version 12.00
# Visual Studio Version 16
VisualStudioVersion = 16.0.32106.194
MinimumVisualStudioVersion = 10.0.40219.1
Project("{8BC9CEB8-8B4A-11D0-8D11-00A0C91BC942}") = "OpenGL1 test", "OpenGL1 test.vcxproj", "{ABEDA43D-EB95-48FA-A2C8-BE3DD036B1FD}"
EndProject
Global
	GlobalSection(SolutionConfigurationPlatforms) = preSolution
		Debug|x64 = Debug|x64
		Debug|x86 = Debug|x86
		Release|x64 = Release|x64
		Release|x86 = Release|x86
	EndGlobalSection
	GlobalSection(ProjectConfigurationPlatforms) = postSolution
		{ABEDA43D-EB95-48FA-A2C8-BE3DD036B1FD}.Debug|x64.ActiveCfg = Debug|x64
		{ABEDA43D-EB95-48FA-A2C8-BE3DD036B1FD}.Debug|x64.Build.0 = Debug|x64
		{ABEDA43D-EB95-48FA-A2C8-BE3DD036B1FD}.Debug|x86.ActiveCfg = Debug|x86
		{ABEDA43D-EB95-48FA-A2C8-BE3DD036B1FD}.Debug|x86.Build.0 = Debug|x86
		{ABEDA43D-EB95-48FA-A2C8-BE3DD036B1FD}.Release|x64.ActiveCfg = Release|x64
		{ABEDA43D-EB95-48FA-A2C8-BE3DD036B1FD}.Release|x64.Build.0 = Release|x64
		{ABEDA43D-EB95-48FA-A2C8-BE3DD036B1FD}.Release|x86.ActiveCfg = Release|x86
		{ABEDA43D-EB95-48FA-A2C8-BE3DD036B1FD}.Release|x86.Build.0 = Release|x86
	EndGlobalSection
	GlobalSection(SolutionProperties) = preSolution
		HideSolutionNode = FALSE
	EndGlobalSection
	GlobalSection(ExtensibilityGlobals) = postSolution
		SolutionGuid = {5F7E81F6-B3AA-4AB3-B6B9-498AE2080F3C}
	EndGlobalSection
EndGlobal
