
Microsoft Visual Studio Solution File, Format Version 12.00
# Visual Studio Version 16
VisualStudioVersion = 16.0.32106.194
MinimumVisualStudioVersion = 10.0.40219.1
Project("{8BC9CEB8-8B4A-11D0-8D11-00A0C91BC942}") = "Camera", "Camera.vcxproj", "{447D7AA4-DD55-4FAC-9708-9355B84A0010}"
EndProject
Global
	GlobalSection(SolutionConfigurationPlatforms) = preSolution
		Debug|x64 = Debug|x64
		Debug|x86 = Debug|x86
		Release|x64 = Release|x64
		Release|x86 = Release|x86
	EndGlobalSection
	GlobalSection(ProjectConfigurationPlatforms) = postSolution
		{447D7AA4-DD55-4FAC-9708-9355B84A0010}.Debug|x64.ActiveCfg = Debug|x64
		{447D7AA4-DD55-4FAC-9708-9355B84A0010}.Debug|x64.Build.0 = Debug|x64
		{447D7AA4-DD55-4FAC-9708-9355B84A0010}.Debug|x86.ActiveCfg = Debug|x86
		{447D7AA4-DD55-4FAC-9708-9355B84A0010}.Debug|x86.Build.0 = Debug|x86
		{447D7AA4-DD55-4FAC-9708-9355B84A0010}.Release|x64.ActiveCfg = Release|x64
		{447D7AA4-DD55-4FAC-9708-9355B84A0010}.Release|x64.Build.0 = Release|x64
		{447D7AA4-DD55-4FAC-9708-9355B84A0010}.Release|x86.ActiveCfg = Release|x86
		{447D7AA4-DD55-4FAC-9708-9355B84A0010}.Release|x86.Build.0 = Release|x86
	EndGlobalSection
	GlobalSection(SolutionProperties) = preSolution
		HideSolutionNode = FALSE
	EndGlobalSection
	GlobalSection(ExtensibilityGlobals) = postSolution
		SolutionGuid = {98133461-4B52-4235-84D1-6AAC5B2AC65B}
	EndGlobalSection
EndGlobal
